// !$*UTF8*$!
{
	archiveVersion = 1;
	classes = {
	};
	objectVersion = 46;
	objects = {

/* Begin PBXBuildFile section */
		110DA3911905D4D300CE4957 /* Checkin.m in Sources */ = {isa = PBXBuildFile; fileRef = 110DA3901905D4D300CE4957 /* Checkin.m */; };
		1121957718DFD38F00D7887E /* UINavigationBar+Yab.m in Sources */ = {isa = PBXBuildFile; fileRef = 1121957618DFD38F00D7887E /* UINavigationBar+Yab.m */; };
		113CD88918F4E504000779FC /* LoadingController.m in Sources */ = {isa = PBXBuildFile; fileRef = 113CD88818F4E504000779FC /* LoadingController.m */; };
		113CD88B18F9C5E1000779FC /* CoreLocation.framework in Frameworks */ = {isa = PBXBuildFile; fileRef = 113CD88A18F9C5E0000779FC /* CoreLocation.framework */; };
		113CD88E18FA21A5000779FC /* NotificationPopupView.m in Sources */ = {isa = PBXBuildFile; fileRef = 113CD88D18FA21A5000779FC /* NotificationPopupView.m */; };
		1145BDAA19080C12008AEE99 /* Level.m in Sources */ = {isa = PBXBuildFile; fileRef = 1145BDA919080C12008AEE99 /* Level.m */; };
		1145BDAD1908464C008AEE99 /* Reward.m in Sources */ = {isa = PBXBuildFile; fileRef = 1145BDAC1908464C008AEE99 /* Reward.m */; };
		1157456818CBE95700298808 /* User.m in Sources */ = {isa = PBXBuildFile; fileRef = 1157456718CBE95700298808 /* User.m */; };
		1157456E18CC00B900298808 /* MappingProvider.m in Sources */ = {isa = PBXBuildFile; fileRef = 1157456D18CC00B900298808 /* MappingProvider.m */; };
		117BE0A818CBDADA006950BB /* Foundation.framework in Frameworks */ = {isa = PBXBuildFile; fileRef = 117BE0A718CBDADA006950BB /* Foundation.framework */; };
		117BE0AA18CBDADA006950BB /* CoreGraphics.framework in Frameworks */ = {isa = PBXBuildFile; fileRef = 117BE0A918CBDADA006950BB /* CoreGraphics.framework */; };
		117BE0AC18CBDADA006950BB /* UIKit.framework in Frameworks */ = {isa = PBXBuildFile; fileRef = 117BE0AB18CBDADA006950BB /* UIKit.framework */; };
		117BE0B218CBDADA006950BB /* InfoPlist.strings in Resources */ = {isa = PBXBuildFile; fileRef = 117BE0B018CBDADA006950BB /* InfoPlist.strings */; };
		117BE0B418CBDADA006950BB /* main.m in Sources */ = {isa = PBXBuildFile; fileRef = 117BE0B318CBDADA006950BB /* main.m */; };
		117BE0B818CBDADA006950BB /* AppDelegate.m in Sources */ = {isa = PBXBuildFile; fileRef = 117BE0B718CBDADA006950BB /* AppDelegate.m */; };
		117BE0BB18CBDADA006950BB /* Main.storyboard in Resources */ = {isa = PBXBuildFile; fileRef = 117BE0B918CBDADA006950BB /* Main.storyboard */; };
		117BE0BE18CBDADA006950BB /* TownViewController.m in Sources */ = {isa = PBXBuildFile; fileRef = 117BE0BD18CBDADA006950BB /* TownViewController.m */; };
		117BE0C118CBDADA006950BB /* ProfileViewController.m in Sources */ = {isa = PBXBuildFile; fileRef = 117BE0C018CBDADA006950BB /* ProfileViewController.m */; };
		117BE0C318CBDADA006950BB /* Images.xcassets in Resources */ = {isa = PBXBuildFile; fileRef = 117BE0C218CBDADA006950BB /* Images.xcassets */; };
		117BE0CA18CBDADA006950BB /* XCTest.framework in Frameworks */ = {isa = PBXBuildFile; fileRef = 117BE0C918CBDADA006950BB /* XCTest.framework */; };
		117BE0CB18CBDADA006950BB /* Foundation.framework in Frameworks */ = {isa = PBXBuildFile; fileRef = 117BE0A718CBDADA006950BB /* Foundation.framework */; };
		117BE0CC18CBDADA006950BB /* UIKit.framework in Frameworks */ = {isa = PBXBuildFile; fileRef = 117BE0AB18CBDADA006950BB /* UIKit.framework */; };
		117BE0D418CBDADA006950BB /* InfoPlist.strings in Resources */ = {isa = PBXBuildFile; fileRef = 117BE0D218CBDADA006950BB /* InfoPlist.strings */; };
		117BE0D618CBDADA006950BB /* yabTests.m in Sources */ = {isa = PBXBuildFile; fileRef = 117BE0D518CBDADA006950BB /* yabTests.m */; };
		119151A918E142B3006F69E4 /* SettingsController.m in Sources */ = {isa = PBXBuildFile; fileRef = 119151A818E142B3006F69E4 /* SettingsController.m */; };
		119151AF18E286E7006F69E4 /* Merchant.m in Sources */ = {isa = PBXBuildFile; fileRef = 119151AE18E286E7006F69E4 /* Merchant.m */; };
		11954BF518E51AFE00D81D03 /* Location.m in Sources */ = {isa = PBXBuildFile; fileRef = 11954BF418E51AFE00D81D03 /* Location.m */; };
		11BE1D3918CBDEEA00F9D62E /* LoginViewController.m in Sources */ = {isa = PBXBuildFile; fileRef = 11BE1D3818CBDEEA00F9D62E /* LoginViewController.m */; };
		11D2099D18DF6B6F00A30FD3 /* ApplicationController.m in Sources */ = {isa = PBXBuildFile; fileRef = 11D2099C18DF6B6F00A30FD3 /* ApplicationController.m */; };
		11F4DA1118FF41620084CE7F /* UIImage+Yab.m in Sources */ = {isa = PBXBuildFile; fileRef = 11F4DA1018FF41620084CE7F /* UIImage+Yab.m */; };
		99ABBF06BA7D41A7BBA6104D /* libPods.a in Frameworks */ = {isa = PBXBuildFile; fileRef = 3C750AF8A9B64BF0A239336C /* libPods.a */; };
/* End PBXBuildFile section */

/* Begin PBXContainerItemProxy section */
		117BE0CD18CBDADA006950BB /* PBXContainerItemProxy */ = {
			isa = PBXContainerItemProxy;
			containerPortal = 117BE09C18CBDADA006950BB /* Project object */;
			proxyType = 1;
			remoteGlobalIDString = 117BE0A318CBDADA006950BB;
			remoteInfo = yab;
		};
/* End PBXContainerItemProxy section */

/* Begin PBXFileReference section */
		036E00DF538642A6BDDA131B /* Pods.xcconfig */ = {isa = PBXFileReference; includeInIndex = 1; lastKnownFileType = text.xcconfig; name = Pods.xcconfig; path = Pods/Pods.xcconfig; sourceTree = "<group>"; };
		110DA38F1905D4D300CE4957 /* Checkin.h */ = {isa = PBXFileReference; fileEncoding = 4; lastKnownFileType = sourcecode.c.h; path = Checkin.h; sourceTree = "<group>"; };
		110DA3901905D4D300CE4957 /* Checkin.m */ = {isa = PBXFileReference; fileEncoding = 4; lastKnownFileType = sourcecode.c.objc; path = Checkin.m; sourceTree = "<group>"; };
		1121957518DFD38F00D7887E /* UINavigationBar+Yab.h */ = {isa = PBXFileReference; fileEncoding = 4; lastKnownFileType = sourcecode.c.h; path = "UINavigationBar+Yab.h"; sourceTree = "<group>"; };
		1121957618DFD38F00D7887E /* UINavigationBar+Yab.m */ = {isa = PBXFileReference; fileEncoding = 4; lastKnownFileType = sourcecode.c.objc; path = "UINavigationBar+Yab.m"; sourceTree = "<group>"; };
		113CD88718F4E504000779FC /* LoadingController.h */ = {isa = PBXFileReference; fileEncoding = 4; lastKnownFileType = sourcecode.c.h; path = LoadingController.h; sourceTree = "<group>"; };
		113CD88818F4E504000779FC /* LoadingController.m */ = {isa = PBXFileReference; fileEncoding = 4; lastKnownFileType = sourcecode.c.objc; path = LoadingController.m; sourceTree = "<group>"; };
		113CD88A18F9C5E0000779FC /* CoreLocation.framework */ = {isa = PBXFileReference; lastKnownFileType = wrapper.framework; name = CoreLocation.framework; path = System/Library/Frameworks/CoreLocation.framework; sourceTree = SDKROOT; };
		113CD88C18FA21A5000779FC /* NotificationPopupView.h */ = {isa = PBXFileReference; fileEncoding = 4; lastKnownFileType = sourcecode.c.h; name = NotificationPopupView.h; path = Views/NotificationPopupView.h; sourceTree = "<group>"; };
		113CD88D18FA21A5000779FC /* NotificationPopupView.m */ = {isa = PBXFileReference; fileEncoding = 4; lastKnownFileType = sourcecode.c.objc; name = NotificationPopupView.m; path = Views/NotificationPopupView.m; sourceTree = "<group>"; };
		1145BDA819080C12008AEE99 /* Level.h */ = {isa = PBXFileReference; fileEncoding = 4; lastKnownFileType = sourcecode.c.h; path = Level.h; sourceTree = "<group>"; };
		1145BDA919080C12008AEE99 /* Level.m */ = {isa = PBXFileReference; fileEncoding = 4; lastKnownFileType = sourcecode.c.objc; path = Level.m; sourceTree = "<group>"; };
		1145BDAB1908464C008AEE99 /* Reward.h */ = {isa = PBXFileReference; fileEncoding = 4; lastKnownFileType = sourcecode.c.h; path = Reward.h; sourceTree = "<group>"; };
		1145BDAC1908464C008AEE99 /* Reward.m */ = {isa = PBXFileReference; fileEncoding = 4; lastKnownFileType = sourcecode.c.objc; path = Reward.m; sourceTree = "<group>"; };
		1157456618CBE95700298808 /* User.h */ = {isa = PBXFileReference; fileEncoding = 4; lastKnownFileType = sourcecode.c.h; path = User.h; sourceTree = "<group>"; };
		1157456718CBE95700298808 /* User.m */ = {isa = PBXFileReference; fileEncoding = 4; lastKnownFileType = sourcecode.c.objc; path = User.m; sourceTree = "<group>"; };
		1157456C18CC00B900298808 /* MappingProvider.h */ = {isa = PBXFileReference; fileEncoding = 4; lastKnownFileType = sourcecode.c.h; path = MappingProvider.h; sourceTree = "<group>"; };
		1157456D18CC00B900298808 /* MappingProvider.m */ = {isa = PBXFileReference; fileEncoding = 4; lastKnownFileType = sourcecode.c.objc; path = MappingProvider.m; sourceTree = "<group>"; };
		117BE0A418CBDADA006950BB /* Yab.app */ = {isa = PBXFileReference; explicitFileType = wrapper.application; includeInIndex = 0; path = Yab.app; sourceTree = BUILT_PRODUCTS_DIR; };
		117BE0A718CBDADA006950BB /* Foundation.framework */ = {isa = PBXFileReference; lastKnownFileType = wrapper.framework; name = Foundation.framework; path = System/Library/Frameworks/Foundation.framework; sourceTree = SDKROOT; };
		117BE0A918CBDADA006950BB /* CoreGraphics.framework */ = {isa = PBXFileReference; lastKnownFileType = wrapper.framework; name = CoreGraphics.framework; path = System/Library/Frameworks/CoreGraphics.framework; sourceTree = SDKROOT; };
		117BE0AB18CBDADA006950BB /* UIKit.framework */ = {isa = PBXFileReference; lastKnownFileType = wrapper.framework; name = UIKit.framework; path = System/Library/Frameworks/UIKit.framework; sourceTree = SDKROOT; };
		117BE0AF18CBDADA006950BB /* yab-Info.plist */ = {isa = PBXFileReference; lastKnownFileType = text.plist.xml; path = "yab-Info.plist"; sourceTree = "<group>"; };
		117BE0B118CBDADA006950BB /* en */ = {isa = PBXFileReference; lastKnownFileType = text.plist.strings; name = en; path = en.lproj/InfoPlist.strings; sourceTree = "<group>"; };
		117BE0B318CBDADA006950BB /* main.m */ = {isa = PBXFileReference; lastKnownFileType = sourcecode.c.objc; path = main.m; sourceTree = "<group>"; };
		117BE0B618CBDADA006950BB /* AppDelegate.h */ = {isa = PBXFileReference; lastKnownFileType = sourcecode.c.h; path = AppDelegate.h; sourceTree = "<group>"; };
		117BE0B718CBDADA006950BB /* AppDelegate.m */ = {isa = PBXFileReference; lastKnownFileType = sourcecode.c.objc; path = AppDelegate.m; sourceTree = "<group>"; };
		117BE0BA18CBDADA006950BB /* Base */ = {isa = PBXFileReference; lastKnownFileType = file.storyboard; name = Base; path = Base.lproj/Main.storyboard; sourceTree = "<group>"; };
		117BE0BC18CBDADA006950BB /* TownViewController.h */ = {isa = PBXFileReference; lastKnownFileType = sourcecode.c.h; path = TownViewController.h; sourceTree = "<group>"; };
		117BE0BD18CBDADA006950BB /* TownViewController.m */ = {isa = PBXFileReference; lastKnownFileType = sourcecode.c.objc; path = TownViewController.m; sourceTree = "<group>"; };
		117BE0BF18CBDADA006950BB /* ProfileViewController.h */ = {isa = PBXFileReference; lastKnownFileType = sourcecode.c.h; path = ProfileViewController.h; sourceTree = "<group>"; };
		117BE0C018CBDADA006950BB /* ProfileViewController.m */ = {isa = PBXFileReference; lastKnownFileType = sourcecode.c.objc; path = ProfileViewController.m; sourceTree = "<group>"; };
		117BE0C218CBDADA006950BB /* Images.xcassets */ = {isa = PBXFileReference; lastKnownFileType = folder.assetcatalog; path = Images.xcassets; sourceTree = "<group>"; };
		117BE0C818CBDADA006950BB /* YabTests.xctest */ = {isa = PBXFileReference; explicitFileType = wrapper.cfbundle; includeInIndex = 0; path = YabTests.xctest; sourceTree = BUILT_PRODUCTS_DIR; };
		117BE0C918CBDADA006950BB /* XCTest.framework */ = {isa = PBXFileReference; lastKnownFileType = wrapper.framework; name = XCTest.framework; path = Library/Frameworks/XCTest.framework; sourceTree = DEVELOPER_DIR; };
		117BE0D118CBDADA006950BB /* Yab.temp_caseinsensitive_renameTests-Info.plist */ = {isa = PBXFileReference; lastKnownFileType = text.plist.xml; path = "Yab.temp_caseinsensitive_renameTests-Info.plist"; sourceTree = "<group>"; };
		117BE0D318CBDADA006950BB /* en */ = {isa = PBXFileReference; lastKnownFileType = text.plist.strings; name = en; path = en.lproj/InfoPlist.strings; sourceTree = "<group>"; };
		117BE0D518CBDADA006950BB /* yabTests.m */ = {isa = PBXFileReference; lastKnownFileType = sourcecode.c.objc; path = yabTests.m; sourceTree = "<group>"; };
		119151A718E142B3006F69E4 /* SettingsController.h */ = {isa = PBXFileReference; fileEncoding = 4; lastKnownFileType = sourcecode.c.h; path = SettingsController.h; sourceTree = "<group>"; };
		119151A818E142B3006F69E4 /* SettingsController.m */ = {isa = PBXFileReference; fileEncoding = 4; lastKnownFileType = sourcecode.c.objc; path = SettingsController.m; sourceTree = "<group>"; };
		119151AD18E286E7006F69E4 /* Merchant.h */ = {isa = PBXFileReference; fileEncoding = 4; lastKnownFileType = sourcecode.c.h; path = Merchant.h; sourceTree = "<group>"; };
		119151AE18E286E7006F69E4 /* Merchant.m */ = {isa = PBXFileReference; fileEncoding = 4; lastKnownFileType = sourcecode.c.objc; path = Merchant.m; sourceTree = "<group>"; };
		11954BF318E51AFE00D81D03 /* Location.h */ = {isa = PBXFileReference; fileEncoding = 4; lastKnownFileType = sourcecode.c.h; path = Location.h; sourceTree = "<group>"; };
		11954BF418E51AFE00D81D03 /* Location.m */ = {isa = PBXFileReference; fileEncoding = 4; lastKnownFileType = sourcecode.c.objc; path = Location.m; sourceTree = "<group>"; };
		11BE1D3718CBDEEA00F9D62E /* LoginViewController.h */ = {isa = PBXFileReference; fileEncoding = 4; lastKnownFileType = sourcecode.c.h; path = LoginViewController.h; sourceTree = "<group>"; };
		11BE1D3818CBDEEA00F9D62E /* LoginViewController.m */ = {isa = PBXFileReference; fileEncoding = 4; lastKnownFileType = sourcecode.c.objc; path = LoginViewController.m; sourceTree = "<group>"; };
		11D2099B18DF6B6F00A30FD3 /* ApplicationController.h */ = {isa = PBXFileReference; fileEncoding = 4; lastKnownFileType = sourcecode.c.h; path = ApplicationController.h; sourceTree = "<group>"; };
		11D2099C18DF6B6F00A30FD3 /* ApplicationController.m */ = {isa = PBXFileReference; fileEncoding = 4; lastKnownFileType = sourcecode.c.objc; path = ApplicationController.m; sourceTree = "<group>"; };
		11F4DA0F18FF41620084CE7F /* UIImage+Yab.h */ = {isa = PBXFileReference; fileEncoding = 4; lastKnownFileType = sourcecode.c.h; path = "UIImage+Yab.h"; sourceTree = "<group>"; };
		11F4DA1018FF41620084CE7F /* UIImage+Yab.m */ = {isa = PBXFileReference; fileEncoding = 4; lastKnownFileType = sourcecode.c.objc; path = "UIImage+Yab.m"; sourceTree = "<group>"; };
		3C750AF8A9B64BF0A239336C /* libPods.a */ = {isa = PBXFileReference; explicitFileType = archive.ar; includeInIndex = 0; path = libPods.a; sourceTree = BUILT_PRODUCTS_DIR; };
/* End PBXFileReference section */

/* Begin PBXFrameworksBuildPhase section */
		117BE0A118CBDADA006950BB /* Frameworks */ = {
			isa = PBXFrameworksBuildPhase;
			buildActionMask = 2147483647;
			files = (
				113CD88B18F9C5E1000779FC /* CoreLocation.framework in Frameworks */,
				117BE0AA18CBDADA006950BB /* CoreGraphics.framework in Frameworks */,
				117BE0AC18CBDADA006950BB /* UIKit.framework in Frameworks */,
				117BE0A818CBDADA006950BB /* Foundation.framework in Frameworks */,
				99ABBF06BA7D41A7BBA6104D /* libPods.a in Frameworks */,
			);
			runOnlyForDeploymentPostprocessing = 0;
		};
		117BE0C518CBDADA006950BB /* Frameworks */ = {
			isa = PBXFrameworksBuildPhase;
			buildActionMask = 2147483647;
			files = (
				117BE0CA18CBDADA006950BB /* XCTest.framework in Frameworks */,
				117BE0CC18CBDADA006950BB /* UIKit.framework in Frameworks */,
				117BE0CB18CBDADA006950BB /* Foundation.framework in Frameworks */,
			);
			runOnlyForDeploymentPostprocessing = 0;
		};
/* End PBXFrameworksBuildPhase section */

/* Begin PBXGroup section */
		113CD88F18FA21AC000779FC /* Views */ = {
			isa = PBXGroup;
			children = (
				113CD88C18FA21A5000779FC /* NotificationPopupView.h */,
				113CD88D18FA21A5000779FC /* NotificationPopupView.m */,
			);
			name = Views;
			sourceTree = "<group>";
		};
		1157456418CBE5DA00298808 /* Models */ = {
			isa = PBXGroup;
			children = (
				110DA38F1905D4D300CE4957 /* Checkin.h */,
				110DA3901905D4D300CE4957 /* Checkin.m */,
				1145BDA819080C12008AEE99 /* Level.h */,
				1145BDA919080C12008AEE99 /* Level.m */,
				11954BF318E51AFE00D81D03 /* Location.h */,
				11954BF418E51AFE00D81D03 /* Location.m */,
				1157456C18CC00B900298808 /* MappingProvider.h */,
				1157456D18CC00B900298808 /* MappingProvider.m */,
				119151AD18E286E7006F69E4 /* Merchant.h */,
				119151AE18E286E7006F69E4 /* Merchant.m */,
				1145BDAB1908464C008AEE99 /* Reward.h */,
				1145BDAC1908464C008AEE99 /* Reward.m */,
				1157456618CBE95700298808 /* User.h */,
				1157456718CBE95700298808 /* User.m */,
			);
			path = Models;
			sourceTree = "<group>";
		};
		1157456518CBE5E100298808 /* UI */ = {
			isa = PBXGroup;
			children = (
				11F4DA0F18FF41620084CE7F /* UIImage+Yab.h */,
				11F4DA1018FF41620084CE7F /* UIImage+Yab.m */,
				1121957518DFD38F00D7887E /* UINavigationBar+Yab.h */,
				1121957618DFD38F00D7887E /* UINavigationBar+Yab.m */,
			);
			path = UI;
			sourceTree = "<group>";
		};
		117BE09B18CBDADA006950BB = {
			isa = PBXGroup;
			children = (
				117BE0AD18CBDADA006950BB /* Yab */,
				117BE0CF18CBDADA006950BB /* yabTests */,
				117BE0A618CBDADA006950BB /* Frameworks */,
				117BE0A518CBDADA006950BB /* Products */,
				036E00DF538642A6BDDA131B /* Pods.xcconfig */,
			);
			sourceTree = "<group>";
		};
		117BE0A518CBDADA006950BB /* Products */ = {
			isa = PBXGroup;
			children = (
				117BE0A418CBDADA006950BB /* Yab.app */,
				117BE0C818CBDADA006950BB /* YabTests.xctest */,
			);
			name = Products;
			sourceTree = "<group>";
		};
		117BE0A618CBDADA006950BB /* Frameworks */ = {
			isa = PBXGroup;
			children = (
				113CD88A18F9C5E0000779FC /* CoreLocation.framework */,
				117BE0A718CBDADA006950BB /* Foundation.framework */,
				117BE0A918CBDADA006950BB /* CoreGraphics.framework */,
				117BE0AB18CBDADA006950BB /* UIKit.framework */,
				117BE0C918CBDADA006950BB /* XCTest.framework */,
				3C750AF8A9B64BF0A239336C /* libPods.a */,
			);
			name = Frameworks;
			sourceTree = "<group>";
		};
		117BE0AD18CBDADA006950BB /* Yab */ = {
			isa = PBXGroup;
			children = (
				113CD88F18FA21AC000779FC /* Views */,
				1157456518CBE5E100298808 /* UI */,
				1157456418CBE5DA00298808 /* Models */,
				11BE1D3A18CBDEEF00F9D62E /* Controllers */,
				117BE0B618CBDADA006950BB /* AppDelegate.h */,
				117BE0B718CBDADA006950BB /* AppDelegate.m */,
				117BE0B918CBDADA006950BB /* Main.storyboard */,
				117BE0C218CBDADA006950BB /* Images.xcassets */,
				117BE0AE18CBDADA006950BB /* Supporting Files */,
			);
			name = Yab;
			path = yab;
			sourceTree = "<group>";
		};
		117BE0AE18CBDADA006950BB /* Supporting Files */ = {
			isa = PBXGroup;
			children = (
				117BE0AF18CBDADA006950BB /* yab-Info.plist */,
				117BE0B018CBDADA006950BB /* InfoPlist.strings */,
				117BE0B318CBDADA006950BB /* main.m */,
			);
			name = "Supporting Files";
			sourceTree = "<group>";
		};
		117BE0CF18CBDADA006950BB /* yabTests */ = {
			isa = PBXGroup;
			children = (
				117BE0D518CBDADA006950BB /* yabTests.m */,
				117BE0D018CBDADA006950BB /* Supporting Files */,
			);
			path = yabTests;
			sourceTree = "<group>";
		};
		117BE0D018CBDADA006950BB /* Supporting Files */ = {
			isa = PBXGroup;
			children = (
				117BE0D118CBDADA006950BB /* Yab.temp_caseinsensitive_renameTests-Info.plist */,
				117BE0D218CBDADA006950BB /* InfoPlist.strings */,
			);
			name = "Supporting Files";
			sourceTree = "<group>";
		};
		11BE1D3A18CBDEEF00F9D62E /* Controllers */ = {
			isa = PBXGroup;
			children = (
				11D2099B18DF6B6F00A30FD3 /* ApplicationController.h */,
				11D2099C18DF6B6F00A30FD3 /* ApplicationController.m */,
				113CD88718F4E504000779FC /* LoadingController.h */,
				113CD88818F4E504000779FC /* LoadingController.m */,
				11BE1D3718CBDEEA00F9D62E /* LoginViewController.h */,
				11BE1D3818CBDEEA00F9D62E /* LoginViewController.m */,
				117BE0BF18CBDADA006950BB /* ProfileViewController.h */,
				117BE0C018CBDADA006950BB /* ProfileViewController.m */,
				119151A718E142B3006F69E4 /* SettingsController.h */,
				119151A818E142B3006F69E4 /* SettingsController.m */,
				117BE0BC18CBDADA006950BB /* TownViewController.h */,
				117BE0BD18CBDADA006950BB /* TownViewController.m */,
			);
			path = Controllers;
			sourceTree = "<group>";
		};
/* End PBXGroup section */

/* Begin PBXNativeTarget section */
		117BE0A318CBDADA006950BB /* Yab */ = {
			isa = PBXNativeTarget;
			buildConfigurationList = 117BE0D918CBDADA006950BB /* Build configuration list for PBXNativeTarget "Yab" */;
			buildPhases = (
				1FB4CEA6368E4A6B90BEE3DE /* Check Pods Manifest.lock */,
				117BE0A018CBDADA006950BB /* Sources */,
				117BE0A118CBDADA006950BB /* Frameworks */,
				117BE0A218CBDADA006950BB /* Resources */,
				3BF200A813004B38987857E7 /* Copy Pods Resources */,
			);
			buildRules = (
			);
			dependencies = (
			);
			name = Yab;
			productName = yab;
			productReference = 117BE0A418CBDADA006950BB /* Yab.app */;
			productType = "com.apple.product-type.application";
		};
		117BE0C718CBDADA006950BB /* YabTest */ = {
			isa = PBXNativeTarget;
			buildConfigurationList = 117BE0DC18CBDADA006950BB /* Build configuration list for PBXNativeTarget "YabTest" */;
			buildPhases = (
				117BE0C418CBDADA006950BB /* Sources */,
				117BE0C518CBDADA006950BB /* Frameworks */,
				117BE0C618CBDADA006950BB /* Resources */,
			);
			buildRules = (
			);
			dependencies = (
				117BE0CE18CBDADA006950BB /* PBXTargetDependency */,
			);
			name = YabTest;
			productName = yabTests;
			productReference = 117BE0C818CBDADA006950BB /* YabTests.xctest */;
			productType = "com.apple.product-type.bundle.unit-test";
		};
/* End PBXNativeTarget section */

/* Begin PBXProject section */
		117BE09C18CBDADA006950BB /* Project object */ = {
			isa = PBXProject;
			attributes = {
				LastUpgradeCheck = 0510;
				ORGANIZATIONNAME = "Mike Silvis";
				TargetAttributes = {
					117BE0A318CBDADA006950BB = {
						DevelopmentTeam = 78USZ8YX87;
					};
					117BE0C718CBDADA006950BB = {
						TestTargetID = 117BE0A318CBDADA006950BB;
					};
				};
			};
			buildConfigurationList = 117BE09F18CBDADA006950BB /* Build configuration list for PBXProject "Yab" */;
			compatibilityVersion = "Xcode 3.2";
			developmentRegion = English;
			hasScannedForEncodings = 0;
			knownRegions = (
				en,
				Base,
			);
			mainGroup = 117BE09B18CBDADA006950BB;
			productRefGroup = 117BE0A518CBDADA006950BB /* Products */;
			projectDirPath = "";
			projectRoot = "";
			targets = (
				117BE0A318CBDADA006950BB /* Yab */,
				117BE0C718CBDADA006950BB /* YabTest */,
			);
		};
/* End PBXProject section */

/* Begin PBXResourcesBuildPhase section */
		117BE0A218CBDADA006950BB /* Resources */ = {
			isa = PBXResourcesBuildPhase;
			buildActionMask = 2147483647;
			files = (
				117BE0C318CBDADA006950BB /* Images.xcassets in Resources */,
				117BE0B218CBDADA006950BB /* InfoPlist.strings in Resources */,
				117BE0BB18CBDADA006950BB /* Main.storyboard in Resources */,
			);
			runOnlyForDeploymentPostprocessing = 0;
		};
		117BE0C618CBDADA006950BB /* Resources */ = {
			isa = PBXResourcesBuildPhase;
			buildActionMask = 2147483647;
			files = (
				117BE0D418CBDADA006950BB /* InfoPlist.strings in Resources */,
			);
			runOnlyForDeploymentPostprocessing = 0;
		};
/* End PBXResourcesBuildPhase section */

/* Begin PBXShellScriptBuildPhase section */
		1FB4CEA6368E4A6B90BEE3DE /* Check Pods Manifest.lock */ = {
			isa = PBXShellScriptBuildPhase;
			buildActionMask = 2147483647;
			files = (
			);
			inputPaths = (
			);
			name = "Check Pods Manifest.lock";
			outputPaths = (
			);
			runOnlyForDeploymentPostprocessing = 0;
			shellPath = /bin/sh;
			shellScript = "diff \"${PODS_ROOT}/../Podfile.lock\" \"${PODS_ROOT}/Manifest.lock\" > /dev/null\nif [[ $? != 0 ]] ; then\n    cat << EOM\nerror: The sandbox is not in sync with the Podfile.lock. Run 'pod install' or update your CocoaPods installation.\nEOM\n    exit 1\nfi\n";
			showEnvVarsInLog = 0;
		};
		3BF200A813004B38987857E7 /* Copy Pods Resources */ = {
			isa = PBXShellScriptBuildPhase;
			buildActionMask = 2147483647;
			files = (
			);
			inputPaths = (
			);
			name = "Copy Pods Resources";
			outputPaths = (
			);
			runOnlyForDeploymentPostprocessing = 0;
			shellPath = /bin/sh;
			shellScript = "\"${SRCROOT}/Pods/Pods-resources.sh\"\n";
			showEnvVarsInLog = 0;
		};
/* End PBXShellScriptBuildPhase section */

/* Begin PBXSourcesBuildPhase section */
		117BE0A018CBDADA006950BB /* Sources */ = {
			isa = PBXSourcesBuildPhase;
			buildActionMask = 2147483647;
			files = (
				119151AF18E286E7006F69E4 /* Merchant.m in Sources */,
				113CD88E18FA21A5000779FC /* NotificationPopupView.m in Sources */,
				117BE0C118CBDADA006950BB /* ProfileViewController.m in Sources */,
				117BE0B818CBDADA006950BB /* AppDelegate.m in Sources */,
				119151A918E142B3006F69E4 /* SettingsController.m in Sources */,
				11D2099D18DF6B6F00A30FD3 /* ApplicationController.m in Sources */,
				1157456818CBE95700298808 /* User.m in Sources */,
				113CD88918F4E504000779FC /* LoadingController.m in Sources */,
				1157456E18CC00B900298808 /* MappingProvider.m in Sources */,
				110DA3911905D4D300CE4957 /* Checkin.m in Sources */,
				1145BDAD1908464C008AEE99 /* Reward.m in Sources */,
				11F4DA1118FF41620084CE7F /* UIImage+Yab.m in Sources */,
				117BE0BE18CBDADA006950BB /* TownViewController.m in Sources */,
				1145BDAA19080C12008AEE99 /* Level.m in Sources */,
				1121957718DFD38F00D7887E /* UINavigationBar+Yab.m in Sources */,
				117BE0B418CBDADA006950BB /* main.m in Sources */,
				11954BF518E51AFE00D81D03 /* Location.m in Sources */,
				11BE1D3918CBDEEA00F9D62E /* LoginViewController.m in Sources */,
			);
			runOnlyForDeploymentPostprocessing = 0;
		};
		117BE0C418CBDADA006950BB /* Sources */ = {
			isa = PBXSourcesBuildPhase;
			buildActionMask = 2147483647;
			files = (
				117BE0D618CBDADA006950BB /* yabTests.m in Sources */,
			);
			runOnlyForDeploymentPostprocessing = 0;
		};
/* End PBXSourcesBuildPhase section */

/* Begin PBXTargetDependency section */
		117BE0CE18CBDADA006950BB /* PBXTargetDependency */ = {
			isa = PBXTargetDependency;
			target = 117BE0A318CBDADA006950BB /* Yab */;
			targetProxy = 117BE0CD18CBDADA006950BB /* PBXContainerItemProxy */;
		};
/* End PBXTargetDependency section */

/* Begin PBXVariantGroup section */
		117BE0B018CBDADA006950BB /* InfoPlist.strings */ = {
			isa = PBXVariantGroup;
			children = (
				117BE0B118CBDADA006950BB /* en */,
			);
			name = InfoPlist.strings;
			sourceTree = "<group>";
		};
		117BE0B918CBDADA006950BB /* Main.storyboard */ = {
			isa = PBXVariantGroup;
			children = (
				117BE0BA18CBDADA006950BB /* Base */,
			);
			name = Main.storyboard;
			sourceTree = "<group>";
		};
		117BE0D218CBDADA006950BB /* InfoPlist.strings */ = {
			isa = PBXVariantGroup;
			children = (
				117BE0D318CBDADA006950BB /* en */,
			);
			name = InfoPlist.strings;
			sourceTree = "<group>";
		};
/* End PBXVariantGroup section */

/* Begin XCBuildConfiguration section */
		117BE0D718CBDADA006950BB /* Debug */ = {
			isa = XCBuildConfiguration;
			buildSettings = {
				ALWAYS_SEARCH_USER_PATHS = NO;
				CLANG_CXX_LANGUAGE_STANDARD = "gnu++0x";
				CLANG_CXX_LIBRARY = "libc++";
				CLANG_ENABLE_MODULES = YES;
				CLANG_ENABLE_OBJC_ARC = YES;
				CLANG_WARN_BOOL_CONVERSION = YES;
				CLANG_WARN_CONSTANT_CONVERSION = YES;
				CLANG_WARN_DIRECT_OBJC_ISA_USAGE = YES_ERROR;
				CLANG_WARN_EMPTY_BODY = YES;
				CLANG_WARN_ENUM_CONVERSION = YES;
				CLANG_WARN_INT_CONVERSION = YES;
				CLANG_WARN_OBJC_ROOT_CLASS = YES_ERROR;
				CLANG_WARN__DUPLICATE_METHOD_MATCH = YES;
				"CODE_SIGN_IDENTITY[sdk=iphoneos*]" = "iPhone Developer";
				COPY_PHASE_STRIP = NO;
				GCC_C_LANGUAGE_STANDARD = gnu99;
				GCC_DYNAMIC_NO_PIC = NO;
				GCC_OPTIMIZATION_LEVEL = 0;
				GCC_PREPROCESSOR_DEFINITIONS = (
					"DEBUG=1",
					"$(inherited)",
				);
				GCC_SYMBOLS_PRIVATE_EXTERN = NO;
				GCC_WARN_64_TO_32_BIT_CONVERSION = YES;
				GCC_WARN_ABOUT_RETURN_TYPE = YES_ERROR;
				GCC_WARN_UNDECLARED_SELECTOR = YES;
				GCC_WARN_UNINITIALIZED_AUTOS = YES;
				GCC_WARN_UNUSED_FUNCTION = YES;
				GCC_WARN_UNUSED_VARIABLE = YES;
				IPHONEOS_DEPLOYMENT_TARGET = 7.0;
				ONLY_ACTIVE_ARCH = YES;
				SDKROOT = iphoneos;
			};
			name = Debug;
		};
		117BE0D818CBDADA006950BB /* Release */ = {
			isa = XCBuildConfiguration;
			buildSettings = {
				ALWAYS_SEARCH_USER_PATHS = NO;
				CLANG_CXX_LANGUAGE_STANDARD = "gnu++0x";
				CLANG_CXX_LIBRARY = "libc++";
				CLANG_ENABLE_MODULES = YES;
				CLANG_ENABLE_OBJC_ARC = YES;
				CLANG_WARN_BOOL_CONVERSION = YES;
				CLANG_WARN_CONSTANT_CONVERSION = YES;
				CLANG_WARN_DIRECT_OBJC_ISA_USAGE = YES_ERROR;
				CLANG_WARN_EMPTY_BODY = YES;
				CLANG_WARN_ENUM_CONVERSION = YES;
				CLANG_WARN_INT_CONVERSION = YES;
				CLANG_WARN_OBJC_ROOT_CLASS = YES_ERROR;
				CLANG_WARN__DUPLICATE_METHOD_MATCH = YES;
				"CODE_SIGN_IDENTITY[sdk=iphoneos*]" = "iPhone Developer";
				COPY_PHASE_STRIP = YES;
				ENABLE_NS_ASSERTIONS = NO;
				GCC_C_LANGUAGE_STANDARD = gnu99;
				GCC_WARN_64_TO_32_BIT_CONVERSION = YES;
				GCC_WARN_ABOUT_RETURN_TYPE = YES_ERROR;
				GCC_WARN_UNDECLARED_SELECTOR = YES;
				GCC_WARN_UNINITIALIZED_AUTOS = YES;
				GCC_WARN_UNUSED_FUNCTION = YES;
				GCC_WARN_UNUSED_VARIABLE = YES;
				IPHONEOS_DEPLOYMENT_TARGET = 7.0;
				SDKROOT = iphoneos;
				VALIDATE_PRODUCT = YES;
			};
			name = Release;
		};
		117BE0DA18CBDADA006950BB /* Debug */ = {
			isa = XCBuildConfiguration;
			baseConfigurationReference = 036E00DF538642A6BDDA131B /* Pods.xcconfig */;
			buildSettings = {
				ASSETCATALOG_COMPILER_APPICON_NAME = AppIcon;
				ASSETCATALOG_COMPILER_LAUNCHIMAGE_NAME = LaunchImage;
				CODE_SIGN_IDENTITY = "iPhone Distribution";
				"CODE_SIGN_IDENTITY[sdk=iphoneos*]" = "iPhone Developer";
				GCC_PRECOMPILE_PREFIX_HEADER = YES;
				GCC_PREFIX_HEADER = yab/Yab.pch;
				INFOPLIST_FILE = "yab/Yab-Info.plist";
				PRODUCT_NAME = Yab;
				PROVISIONING_PROFILE = "0707079E-6C84-4719-80C3-D589B74D6ADF";
				WRAPPER_EXTENSION = app;
			};
			name = Debug;
		};
		117BE0DB18CBDADA006950BB /* Release */ = {
			isa = XCBuildConfiguration;
			baseConfigurationReference = 036E00DF538642A6BDDA131B /* Pods.xcconfig */;
			buildSettings = {
				ASSETCATALOG_COMPILER_APPICON_NAME = AppIcon;
				ASSETCATALOG_COMPILER_LAUNCHIMAGE_NAME = LaunchImage;
				CODE_SIGN_IDENTITY = "iPhone Distribution";
				"CODE_SIGN_IDENTITY[sdk=iphoneos*]" = "iPhone Developer";
				GCC_PRECOMPILE_PREFIX_HEADER = YES;
				GCC_PREFIX_HEADER = yab/Yab.pch;
				INFOPLIST_FILE = "yab/Yab-Info.plist";
				PRODUCT_NAME = Yab;
				PROVISIONING_PROFILE = "0707079E-6C84-4719-80C3-D589B74D6ADF";
				WRAPPER_EXTENSION = app;
			};
			name = Release;
		};
		117BE0DD18CBDADA006950BB /* Debug */ = {
			isa = XCBuildConfiguration;
			buildSettings = {
				BUNDLE_LOADER = "$(BUILT_PRODUCTS_DIR)/yab.app/yab";
				FRAMEWORK_SEARCH_PATHS = (
					"$(SDKROOT)/Developer/Library/Frameworks",
					"$(inherited)",
					"$(DEVELOPER_FRAMEWORKS_DIR)",
				);
				GCC_PRECOMPILE_PREFIX_HEADER = YES;
				GCC_PREFIX_HEADER = "yab/yab-Prefix.pch";
				GCC_PREPROCESSOR_DEFINITIONS = (
					"DEBUG=1",
					"$(inherited)",
				);
				INFOPLIST_FILE = "yabTests/Yab-Info.plist";
				PRODUCT_NAME = YabTests;
				TEST_HOST = "$(BUNDLE_LOADER)";
				WRAPPER_EXTENSION = xctest;
			};
			name = Debug;
		};
		117BE0DE18CBDADA006950BB /* Release */ = {
			isa = XCBuildConfiguration;
			buildSettings = {
				BUNDLE_LOADER = "$(BUILT_PRODUCTS_DIR)/yab.app/yab";
				FRAMEWORK_SEARCH_PATHS = (
					"$(SDKROOT)/Developer/Library/Frameworks",
					"$(inherited)",
					"$(DEVELOPER_FRAMEWORKS_DIR)",
				);
				GCC_PRECOMPILE_PREFIX_HEADER = YES;
				GCC_PREFIX_HEADER = "yab/yab-Prefix.pch";
				INFOPLIST_FILE = "yabTests/Yab-Info.plist";
				PRODUCT_NAME = YabTests;
				TEST_HOST = "$(BUNDLE_LOADER)";
				WRAPPER_EXTENSION = xctest;
			};
			name = Release;
		};
/* End XCBuildConfiguration section */

/* Begin XCConfigurationList section */
		117BE09F18CBDADA006950BB /* Build configuration list for PBXProject "Yab" */ = {
			isa = XCConfigurationList;
			buildConfigurations = (
				117BE0D718CBDADA006950BB /* Debug */,
				117BE0D818CBDADA006950BB /* Release */,
			);
			defaultConfigurationIsVisible = 0;
			defaultConfigurationName = Release;
		};
		117BE0D918CBDADA006950BB /* Build configuration list for PBXNativeTarget "Yab" */ = {
			isa = XCConfigurationList;
			buildConfigurations = (
				117BE0DA18CBDADA006950BB /* Debug */,
				117BE0DB18CBDADA006950BB /* Release */,
			);
			defaultConfigurationIsVisible = 0;
			defaultConfigurationName = Release;
		};
		117BE0DC18CBDADA006950BB /* Build configuration list for PBXNativeTarget "YabTest" */ = {
			isa = XCConfigurationList;
			buildConfigurations = (
				117BE0DD18CBDADA006950BB /* Debug */,
				117BE0DE18CBDADA006950BB /* Release */,
			);
			defaultConfigurationIsVisible = 0;
			defaultConfigurationName = Release;
		};
/* End XCConfigurationList section */
	};
	rootObject = 117BE09C18CBDADA006950BB /* Project object */;
}
